// !$*UTF8*$!
{
	archiveVersion = 1;
	classes = {
	};
	objectVersion = 56;
	objects = {

/* Begin PBXBuildFile section */
		8E3EEE4229CDF2DC00967B97 /* AppDelegate.swift in Sources */ = {isa = PBXBuildFile; fileRef = 8E3EEE4129CDF2DC00967B97 /* AppDelegate.swift */; };
		8E3EEE4429CDF2DC00967B97 /* SceneDelegate.swift in Sources */ = {isa = PBXBuildFile; fileRef = 8E3EEE4329CDF2DC00967B97 /* SceneDelegate.swift */; };
		8E3EEE4629CDF2DC00967B97 /* SettingViewController.swift in Sources */ = {isa = PBXBuildFile; fileRef = 8E3EEE4529CDF2DC00967B97 /* SettingViewController.swift */; };
		8E3EEE4929CDF2DC00967B97 /* Main.storyboard in Resources */ = {isa = PBXBuildFile; fileRef = 8E3EEE4729CDF2DC00967B97 /* Main.storyboard */; };
		8E3EEE4B29CDF2DD00967B97 /* Assets.xcassets in Resources */ = {isa = PBXBuildFile; fileRef = 8E3EEE4A29CDF2DD00967B97 /* Assets.xcassets */; };
		8E3EEE4E29CDF2DD00967B97 /* LaunchScreen.storyboard in Resources */ = {isa = PBXBuildFile; fileRef = 8E3EEE4C29CDF2DD00967B97 /* LaunchScreen.storyboard */; };
		8E877ADF29E5A22F0015E24A /* EmptyViewController.swift in Sources */ = {isa = PBXBuildFile; fileRef = 8E877ADE29E5A22F0015E24A /* EmptyViewController.swift */; };
		8E877AE229E5B4130015E24A /* ColorValue.swift in Sources */ = {isa = PBXBuildFile; fileRef = 8E877AE129E5B4130015E24A /* ColorValue.swift */; };
/* End PBXBuildFile section */

/* Begin PBXFileReference section */
		8E3EEE3E29CDF2DC00967B97 /* ColorizedApp2.app */ = {isa = PBXFileReference; explicitFileType = wrapper.application; includeInIndex = 0; path = ColorizedApp2.app; sourceTree = BUILT_PRODUCTS_DIR; };
		8E3EEE4129CDF2DC00967B97 /* AppDelegate.swift */ = {isa = PBXFileReference; lastKnownFileType = sourcecode.swift; path = AppDelegate.swift; sourceTree = "<group>"; };
		8E3EEE4329CDF2DC00967B97 /* SceneDelegate.swift */ = {isa = PBXFileReference; lastKnownFileType = sourcecode.swift; path = SceneDelegate.swift; sourceTree = "<group>"; };
		8E3EEE4529CDF2DC00967B97 /* SettingViewController.swift */ = {isa = PBXFileReference; lastKnownFileType = sourcecode.swift; path = SettingViewController.swift; sourceTree = "<group>"; };
		8E3EEE4829CDF2DC00967B97 /* Base */ = {isa = PBXFileReference; lastKnownFileType = file.storyboard; name = Base; path = Base.lproj/Main.storyboard; sourceTree = "<group>"; };
		8E3EEE4A29CDF2DD00967B97 /* Assets.xcassets */ = {isa = PBXFileReference; lastKnownFileType = folder.assetcatalog; path = Assets.xcassets; sourceTree = "<group>"; };
		8E3EEE4D29CDF2DD00967B97 /* Base */ = {isa = PBXFileReference; lastKnownFileType = file.storyboard; name = Base; path = Base.lproj/LaunchScreen.storyboard; sourceTree = "<group>"; };
		8E3EEE4F29CDF2DD00967B97 /* Info.plist */ = {isa = PBXFileReference; lastKnownFileType = text.plist.xml; path = Info.plist; sourceTree = "<group>"; };
		8E877ADE29E5A22F0015E24A /* EmptyViewController.swift */ = {isa = PBXFileReference; lastKnownFileType = sourcecode.swift; path = EmptyViewController.swift; sourceTree = "<group>"; };
		8E877AE129E5B4130015E24A /* ColorValue.swift */ = {isa = PBXFileReference; lastKnownFileType = sourcecode.swift; path = ColorValue.swift; sourceTree = "<group>"; };
/* End PBXFileReference section */

/* Begin PBXFrameworksBuildPhase section */
		8E3EEE3B29CDF2DC00967B97 /* Frameworks */ = {
			isa = PBXFrameworksBuildPhase;
			buildActionMask = 2147483647;
			files = (
			);
			runOnlyForDeploymentPostprocessing = 0;
		};
/* End PBXFrameworksBuildPhase section */

/* Begin PBXGroup section */
		8E3EEE3529CDF2DC00967B97 = {
			isa = PBXGroup;
			children = (
				8E3EEE4029CDF2DC00967B97 /* ColorizedApp */,
				8E3EEE3F29CDF2DC00967B97 /* Products */,
			);
			sourceTree = "<group>";
		};
		8E3EEE3F29CDF2DC00967B97 /* Products */ = {
			isa = PBXGroup;
			children = (
				8E3EEE3E29CDF2DC00967B97 /* ColorizedApp2.app */,
			);
			name = Products;
			sourceTree = "<group>";
		};
		8E3EEE4029CDF2DC00967B97 /* ColorizedApp */ = {
			isa = PBXGroup;
			children = (
				8E877AE029E5B3E50015E24A /* Models */,
				8E877ADD29E5A1840015E24A /* App */,
				8E877ADC29E5A1810015E24A /* ViewControllers */,
				8E877ADB29E5A17D0015E24A /* Storyboards */,
				8E3EEE4A29CDF2DD00967B97 /* Assets.xcassets */,
			);
			path = ColorizedApp;
			sourceTree = "<group>";
		};
		8E877ADB29E5A17D0015E24A /* Storyboards */ = {
			isa = PBXGroup;
			children = (
				8E3EEE4729CDF2DC00967B97 /* Main.storyboard */,
				8E3EEE4C29CDF2DD00967B97 /* LaunchScreen.storyboard */,
			);
			path = Storyboards;
			sourceTree = "<group>";
		};
		8E877ADC29E5A1810015E24A /* ViewControllers */ = {
			isa = PBXGroup;
			children = (
				8E3EEE4529CDF2DC00967B97 /* SettingViewController.swift */,
				8E877ADE29E5A22F0015E24A /* EmptyViewController.swift */,
			);
			path = ViewControllers;
			sourceTree = "<group>";
		};
		8E877ADD29E5A1840015E24A /* App */ = {
			isa = PBXGroup;
			children = (
				8E3EEE4129CDF2DC00967B97 /* AppDelegate.swift */,
				8E3EEE4329CDF2DC00967B97 /* SceneDelegate.swift */,
				8E3EEE4F29CDF2DD00967B97 /* Info.plist */,
			);
			path = App;
			sourceTree = "<group>";
		};
		8E877AE029E5B3E50015E24A /* Models */ = {
			isa = PBXGroup;
			children = (
				8E877AE129E5B4130015E24A /* ColorValue.swift */,
			);
			path = Models;
			sourceTree = "<group>";
		};
/* End PBXGroup section */

/* Begin PBXNativeTarget section */
		8E3EEE3D29CDF2DC00967B97 /* ColorizedApp2 */ = {
			isa = PBXNativeTarget;
			buildConfigurationList = 8E3EEE5229CDF2DD00967B97 /* Build configuration list for PBXNativeTarget "ColorizedApp2" */;
			buildPhases = (
				8E3EEE3A29CDF2DC00967B97 /* Sources */,
				8E3EEE3B29CDF2DC00967B97 /* Frameworks */,
				8E3EEE3C29CDF2DC00967B97 /* Resources */,
			);
			buildRules = (
			);
			dependencies = (
			);
			name = ColorizedApp2;
			productName = ColorizedApp;
			productReference = 8E3EEE3E29CDF2DC00967B97 /* ColorizedApp2.app */;
			productType = "com.apple.product-type.application";
		};
/* End PBXNativeTarget section */

/* Begin PBXProject section */
		8E3EEE3629CDF2DC00967B97 /* Project object */ = {
			isa = PBXProject;
			attributes = {
				BuildIndependentTargetsInParallel = 1;
				LastSwiftUpdateCheck = 1420;
				LastUpgradeCheck = 1420;
				TargetAttributes = {
					8E3EEE3D29CDF2DC00967B97 = {
						CreatedOnToolsVersion = 14.2;
					};
				};
			};
			buildConfigurationList = 8E3EEE3929CDF2DC00967B97 /* Build configuration list for PBXProject "ColorizedApp2" */;
			compatibilityVersion = "Xcode 14.0";
			developmentRegion = en;
			hasScannedForEncodings = 0;
			knownRegions = (
				en,
				Base,
			);
			mainGroup = 8E3EEE3529CDF2DC00967B97;
			productRefGroup = 8E3EEE3F29CDF2DC00967B97 /* Products */;
			projectDirPath = "";
			projectRoot = "";
			targets = (
				8E3EEE3D29CDF2DC00967B97 /* ColorizedApp2 */,
			);
		};
/* End PBXProject section */

/* Begin PBXResourcesBuildPhase section */
		8E3EEE3C29CDF2DC00967B97 /* Resources */ = {
			isa = PBXResourcesBuildPhase;
			buildActionMask = 2147483647;
			files = (
				8E3EEE4E29CDF2DD00967B97 /* LaunchScreen.storyboard in Resources */,
				8E3EEE4B29CDF2DD00967B97 /* Assets.xcassets in Resources */,
				8E3EEE4929CDF2DC00967B97 /* Main.storyboard in Resources */,
			);
			runOnlyForDeploymentPostprocessing = 0;
		};
/* End PBXResourcesBuildPhase section */

/* Begin PBXSourcesBuildPhase section */
		8E3EEE3A29CDF2DC00967B97 /* Sources */ = {
			isa = PBXSourcesBuildPhase;
			buildActionMask = 2147483647;
			files = (
				8E3EEE4629CDF2DC00967B97 /* SettingViewController.swift in Sources */,
				8E3EEE4229CDF2DC00967B97 /* AppDelegate.swift in Sources */,
				8E877AE229E5B4130015E24A /* ColorValue.swift in Sources */,
				8E877ADF29E5A22F0015E24A /* EmptyViewController.swift in Sources */,
				8E3EEE4429CDF2DC00967B97 /* SceneDelegate.swift in Sources */,
			);
			runOnlyForDeploymentPostprocessing = 0;
		};
/* End PBXSourcesBuildPhase section */

/* Begin PBXVariantGroup section */
		8E3EEE4729CDF2DC00967B97 /* Main.storyboard */ = {
			isa = PBXVariantGroup;
			children = (
				8E3EEE4829CDF2DC00967B97 /* Base */,
			);
			name = Main.storyboard;
			sourceTree = "<group>";
		};
		8E3EEE4C29CDF2DD00967B97 /* LaunchScreen.storyboard */ = {
			isa = PBXVariantGroup;
			children = (
				8E3EEE4D29CDF2DD00967B97 /* Base */,
			);
			name = LaunchScreen.storyboard;
			sourceTree = "<group>";
		};
/* End PBXVariantGroup section */

/* Begin XCBuildConfiguration section */
		8E3EEE5029CDF2DD00967B97 /* Debug */ = {
			isa = XCBuildConfiguration;
			buildSettings = {
				ALWAYS_SEARCH_USER_PATHS = NO;
				CLANG_ANALYZER_NONNULL = YES;
				CLANG_ANALYZER_NUMBER_OBJECT_CONVERSION = YES_AGGRESSIVE;
				CLANG_CXX_LANGUAGE_STANDARD = "gnu++20";
				CLANG_ENABLE_MODULES = YES;
				CLANG_ENABLE_OBJC_ARC = YES;
				CLANG_ENABLE_OBJC_WEAK = YES;
				CLANG_WARN_BLOCK_CAPTURE_AUTORELEASING = YES;
				CLANG_WARN_BOOL_CONVERSION = YES;
				CLANG_WARN_COMMA = YES;
				CLANG_WARN_CONSTANT_CONVERSION = YES;
				CLANG_WARN_DEPRECATED_OBJC_IMPLEMENTATIONS = YES;
				CLANG_WARN_DIRECT_OBJC_ISA_USAGE = YES_ERROR;
				CLANG_WARN_DOCUMENTATION_COMMENTS = YES;
				CLANG_WARN_EMPTY_BODY = YES;
				CLANG_WARN_ENUM_CONVERSION = YES;
				CLANG_WARN_INFINITE_RECURSION = YES;
				CLANG_WARN_INT_CONVERSION = YES;
				CLANG_WARN_NON_LITERAL_NULL_CONVERSION = YES;
				CLANG_WARN_OBJC_IMPLICIT_RETAIN_SELF = YES;
				CLANG_WARN_OBJC_LITERAL_CONVERSION = YES;
				CLANG_WARN_OBJC_ROOT_CLASS = YES_ERROR;
				CLANG_WARN_QUOTED_INCLUDE_IN_FRAMEWORK_HEADER = YES;
				CLANG_WARN_RANGE_LOOP_ANALYSIS = YES;
				CLANG_WARN_STRICT_PROTOTYPES = YES;
				CLANG_WARN_SUSPICIOUS_MOVE = YES;
				CLANG_WARN_UNGUARDED_AVAILABILITY = YES_AGGRESSIVE;
				CLANG_WARN_UNREACHABLE_CODE = YES;
				CLANG_WARN__DUPLICATE_METHOD_MATCH = YES;
				COPY_PHASE_STRIP = NO;
				DEBUG_INFORMATION_FORMAT = dwarf;
				ENABLE_STRICT_OBJC_MSGSEND = YES;
				ENABLE_TESTABILITY = YES;
				GCC_C_LANGUAGE_STANDARD = gnu11;
				GCC_DYNAMIC_NO_PIC = NO;
				GCC_NO_COMMON_BLOCKS = YES;
				GCC_OPTIMIZATION_LEVEL = 0;
				GCC_PREPROCESSOR_DEFINITIONS = (
					"DEBUG=1",
					"$(inherited)",
				);
				GCC_WARN_64_TO_32_BIT_CONVERSION = YES;
				GCC_WARN_ABOUT_RETURN_TYPE = YES_ERROR;
				GCC_WARN_UNDECLARED_SELECTOR = YES;
				GCC_WARN_UNINITIALIZED_AUTOS = YES_AGGRESSIVE;
				GCC_WARN_UNUSED_FUNCTION = YES;
				GCC_WARN_UNUSED_VARIABLE = YES;
				IPHONEOS_DEPLOYMENT_TARGET = 16.2;
				MTL_ENABLE_DEBUG_INFO = INCLUDE_SOURCE;
				MTL_FAST_MATH = YES;
				ONLY_ACTIVE_ARCH = YES;
				SDKROOT = iphoneos;
				SWIFT_ACTIVE_COMPILATION_CONDITIONS = DEBUG;
				SWIFT_OPTIMIZATION_LEVEL = "-Onone";
			};
			name = Debug;
		};
		8E3EEE5129CDF2DD00967B97 /* Release */ = {
			isa = XCBuildConfiguration;
			buildSettings = {
				ALWAYS_SEARCH_USER_PATHS = NO;
				CLANG_ANALYZER_NONNULL = YES;
				CLANG_ANALYZER_NUMBER_OBJECT_CONVERSION = YES_AGGRESSIVE;
				CLANG_CXX_LANGUAGE_STANDARD = "gnu++20";
				CLANG_ENABLE_MODULES = YES;
				CLANG_ENABLE_OBJC_ARC = YES;
				CLANG_ENABLE_OBJC_WEAK = YES;
				CLANG_WARN_BLOCK_CAPTURE_AUTORELEASING = YES;
				CLANG_WARN_BOOL_CONVERSION = YES;
				CLANG_WARN_COMMA = YES;
				CLANG_WARN_CONSTANT_CONVERSION = YES;
				CLANG_WARN_DEPRECATED_OBJC_IMPLEMENTATIONS = YES;
				CLANG_WARN_DIRECT_OBJC_ISA_USAGE = YES_ERROR;
				CLANG_WARN_DOCUMENTATION_COMMENTS = YES;
				CLANG_WARN_EMPTY_BODY = YES;
				CLANG_WARN_ENUM_CONVERSION = YES;
				CLANG_WARN_INFINITE_RECURSION = YES;
				CLANG_WARN_INT_CONVERSION = YES;
				CLANG_WARN_NON_LITERAL_NULL_CONVERSION = YES;
				CLANG_WARN_OBJC_IMPLICIT_RETAIN_SELF = YES;
				CLANG_WARN_OBJC_LITERAL_CONVERSION = YES;
				CLANG_WARN_OBJC_ROOT_CLASS = YES_ERROR;
				CLANG_WARN_QUOTED_INCLUDE_IN_FRAMEWORK_HEADER = YES;
				CLANG_WARN_RANGE_LOOP_ANALYSIS = YES;
				CLANG_WARN_STRICT_PROTOTYPES = YES;
				CLANG_WARN_SUSPICIOUS_MOVE = YES;
				CLANG_WARN_UNGUARDED_AVAILABILITY = YES_AGGRESSIVE;
				CLANG_WARN_UNREACHABLE_CODE = YES;
				CLANG_WARN__DUPLICATE_METHOD_MATCH = YES;
				COPY_PHASE_STRIP = NO;
				DEBUG_INFORMATION_FORMAT = "dwarf-with-dsym";
				ENABLE_NS_ASSERTIONS = NO;
				ENABLE_STRICT_OBJC_MSGSEND = YES;
				GCC_C_LANGUAGE_STANDARD = gnu11;
				GCC_NO_COMMON_BLOCKS = YES;
				GCC_WARN_64_TO_32_BIT_CONVERSION = YES;
				GCC_WARN_ABOUT_RETURN_TYPE = YES_ERROR;
				GCC_WARN_UNDECLARED_SELECTOR = YES;
				GCC_WARN_UNINITIALIZED_AUTOS = YES_AGGRESSIVE;
				GCC_WARN_UNUSED_FUNCTION = YES;
				GCC_WARN_UNUSED_VARIABLE = YES;
				IPHONEOS_DEPLOYMENT_TARGET = 16.2;
				MTL_ENABLE_DEBUG_INFO = NO;
				MTL_FAST_MATH = YES;
				SDKROOT = iphoneos;
				SWIFT_COMPILATION_MODE = wholemodule;
				SWIFT_OPTIMIZATION_LEVEL = "-O";
				VALIDATE_PRODUCT = YES;
			};
			name = Release;
		};
		8E3EEE5329CDF2DD00967B97 /* Debug */ = {
			isa = XCBuildConfiguration;
			buildSettings = {
				ASSETCATALOG_COMPILER_APPICON_NAME = AppIcon;
				ASSETCATALOG_COMPILER_GLOBAL_ACCENT_COLOR_NAME = AccentColor;
				CODE_SIGN_STYLE = Automatic;
				CURRENT_PROJECT_VERSION = 1;
				GENERATE_INFOPLIST_FILE = YES;
				INFOPLIST_FILE = ColorizedApp/App/Info.plist;
				INFOPLIST_KEY_UIApplicationSupportsIndirectInputEvents = YES;
				INFOPLIST_KEY_UILaunchStoryboardName = LaunchScreen;
				INFOPLIST_KEY_UIMainStoryboardFile = Main;
				INFOPLIST_KEY_UISupportedInterfaceOrientations = UIInterfaceOrientationPortrait;
				INFOPLIST_KEY_UISupportedInterfaceOrientations_iPad = "UIInterfaceOrientationLandscapeLeft UIInterfaceOrientationLandscapeRight UIInterfaceOrientationPortrait UIInterfaceOrientationPortraitUpsideDown";
				LD_RUNPATH_SEARCH_PATHS = (
					"$(inherited)",
					"@executable_path/Frameworks",
				);
				MARKETING_VERSION = 1.0;
				PRODUCT_BUNDLE_IDENTIFIER = L.K.S..ColorizedApp;
				PRODUCT_NAME = "$(TARGET_NAME)";
				SUPPORTED_PLATFORMS = "iphoneos iphonesimulator";
				SUPPORTS_MACCATALYST = NO;
				SUPPORTS_MAC_DESIGNED_FOR_IPHONE_IPAD = NO;
				SWIFT_EMIT_LOC_STRINGS = YES;
				SWIFT_VERSION = 5.0;
				TARGETED_DEVICE_FAMILY = 1;
			};
			name = Debug;
		};
		8E3EEE5429CDF2DD00967B97 /* Release */ = {
			isa = XCBuildConfiguration;
			buildSettings = {
				ASSETCATALOG_COMPILER_APPICON_NAME = AppIcon;
				ASSETCATALOG_COMPILER_GLOBAL_ACCENT_COLOR_NAME = AccentColor;
				CODE_SIGN_STYLE = Automatic;
				CURRENT_PROJECT_VERSION = 1;
				GENERATE_INFOPLIST_FILE = YES;
				INFOPLIST_FILE = ColorizedApp/App/Info.plist;
				INFOPLIST_KEY_UIApplicationSupportsIndirectInputEvents = YES;
				INFOPLIST_KEY_UILaunchStoryboardName = LaunchScreen;
				INFOPLIST_KEY_UIMainStoryboardFile = Main;
				INFOPLIST_KEY_UISupportedInterfaceOrientations = UIInterfaceOrientationPortrait;
				INFOPLIST_KEY_UISupportedInterfaceOrientations_iPad = "UIInterfaceOrientationLandscapeLeft UIInterfaceOrientationLandscapeRight UIInterfaceOrientationPortrait UIInterfaceOrientationPortraitUpsideDown";
				LD_RUNPATH_SEARCH_PATHS = (
					"$(inherited)",
					"@executable_path/Frameworks",
				);
				MARKETING_VERSION = 1.0;
				PRODUCT_BUNDLE_IDENTIFIER = L.K.S..ColorizedApp;
				PRODUCT_NAME = "$(TARGET_NAME)";
				SUPPORTED_PLATFORMS = "iphoneos iphonesimulator";
				SUPPORTS_MACCATALYST = NO;
				SUPPORTS_MAC_DESIGNED_FOR_IPHONE_IPAD = NO;
				SWIFT_EMIT_LOC_STRINGS = YES;
				SWIFT_VERSION = 5.0;
				TARGETED_DEVICE_FAMILY = 1;
			};
			name = Release;
		};
/* End XCBuildConfiguration section */

/* Begin XCConfigurationList section */
		8E3EEE3929CDF2DC00967B97 /* Build configuration list for PBXProject "ColorizedApp2" */ = {
			isa = XCConfigurationList;
			buildConfigurations = (
				8E3EEE5029CDF2DD00967B97 /* Debug */,
				8E3EEE5129CDF2DD00967B97 /* Release */,
			);
			defaultConfigurationIsVisible = 0;
			defaultConfigurationName = Release;
		};
		8E3EEE5229CDF2DD00967B97 /* Build configuration list for PBXNativeTarget "ColorizedApp2" */ = {
			isa = XCConfigurationList;
			buildConfigurations = (
				8E3EEE5329CDF2DD00967B97 /* Debug */,
				8E3EEE5429CDF2DD00967B97 /* Release */,
			);
			defaultConfigurationIsVisible = 0;
			defaultConfigurationName = Release;
		};
/* End XCConfigurationList section */
	};
	rootObject = 8E3EEE3629CDF2DC00967B97 /* Project object */;
}
